
Microsoft Visual Studio Solution File, Format Version 12.00
# Visual Studio Version 16
VisualStudioVersion = 16.0.29709.97
MinimumVisualStudioVersion = 10.0.40219.1
Project("{9A19103F-16F7-4668-BE54-9A1E7A4F7556}") = "cli", "cli\cli.csproj", "{B35203F2-D59A-44DC-BE18-E7C81DAAA4E8}"
	ProjectSection(ProjectDependencies) = postProject
		{D53F9A13-8167-4873-B9D4-D6F1A62B422B} = {D53F9A13-8167-4873-B9D4-D6F1A62B422B}
	EndProjectSection
EndProject
Project("{FAE04EC0-301F-11D3-BF4B-00C04F79EFBC}") = "sharedlib", "sharedlib\sharedlib.csproj", "{D53F9A13-8167-4873-B9D4-D6F1A62B422B}"
EndProject
Global
	GlobalSection(SolutionConfigurationPlatforms) = preSolution
		Debug|Any CPU = Debug|Any CPU
		Release|Any CPU = Release|Any CPU
	EndGlobalSection
	GlobalSection(ProjectConfigurationPlatforms) = postSolution
		{B35203F2-D59A-44DC-BE18-E7C81DAAA4E8}.Debug|Any CPU.ActiveCfg = Debug|Any CPU
		{B35203F2-D59A-44DC-BE18-E7C81DAAA4E8}.Debug|Any CPU.Build.0 = Debug|Any CPU
		{B35203F2-D59A-44DC-BE18-E7C81DAAA4E8}.Release|Any CPU.ActiveCfg = Release|Any CPU
		{B35203F2-D59A-44DC-BE18-E7C81DAAA4E8}.Release|Any CPU.Build.0 = Release|Any CPU
		{D53F9A13-8167-4873-B9D4-D6F1A62B422B}.Debug|Any CPU.ActiveCfg = Debug|Any CPU
		{D53F9A13-8167-4873-B9D4-D6F1A62B422B}.Debug|Any CPU.Build.0 = Debug|Any CPU
		{D53F9A13-8167-4873-B9D4-D6F1A62B422B}.Release|Any CPU.ActiveCfg = Release|Any CPU
		{D53F9A13-8167-4873-B9D4-D6F1A62B422B}.Release|Any CPU.Build.0 = Release|Any CPU
	EndGlobalSection
	GlobalSection(SolutionProperties) = preSolution
		HideSolutionNode = FALSE
	EndGlobalSection
	GlobalSection(ExtensibilityGlobals) = postSolution
		SolutionGuid = {E72A956F-7BFE-49D7-8825-7AAD125ED795}
	EndGlobalSection
EndGlobal
